{
  "version": 4,
  "terraform_version": "0.12.21",
  "serial": 25,
  "lineage": "137febcf-d20e-597a-7f34-c4ded4049cb8",
  "outputs": {},
  "resources": [
    {
      "mode": "managed",
      "type": "aws_instance",
      "name": "srini_servers",
      "each": "list",
      "provider": "provider.aws",
      "instances": []
    },
    {
      "mode": "managed",
      "type": "aws_s3_bucket",
      "name": "test_bucket-02272020",
      "provider": "provider.aws",
      "instances": [
        {
          "schema_version": 0,
          "attributes": {
            "acceleration_status": "",
            "acl": "public-read",
            "arn": "arn:aws:s3:::my-tf-test-bucket-02272020",
            "bucket": "my-tf-test-bucket-02272020",
            "bucket_domain_name": "my-tf-test-bucket-02272020.s3.amazonaws.com",
            "bucket_prefix": null,
            "bucket_regional_domain_name": "my-tf-test-bucket-02272020.s3.us-east-2.amazonaws.com",
            "cors_rule": [],
            "force_destroy": false,
            "hosted_zone_id": "Z2O1EMRO9K5GLX",
            "id": "my-tf-test-bucket-02272020",
            "lifecycle_rule": [],
            "logging": [
              {
                "target_bucket": "my-tf-log-bucket-02272020",
                "target_prefix": "log/"
              }
            ],
            "object_lock_configuration": [],
            "policy": null,
            "region": "us-east-2",
            "replication_configuration": [],
            "request_payer": "BucketOwner",
            "server_side_encryption_configuration": [],
            "tags": {
              "Environment": "Dev",
              "Name": "My bucket"
            },
            "versioning": [
              {
                "enabled": false,
                "mfa_delete": false
              }
            ],
            "website": [
              {
                "error_document": "error.html",
                "index_document": "index.html",
                "redirect_all_requests_to": "",
                "routing_rules": ""
              }
            ],
            "website_domain": "s3-website.us-east-2.amazonaws.com",
            "website_endpoint": "my-tf-test-bucket-02272020.s3-website.us-east-2.amazonaws.com"
          }
        }
      ]
    },
    {
      "mode": "managed",
      "type": "null_resource",
      "name": "myPublicIps",
      "each": "list",
      "provider": "provider.null",
      "instances": []
    }
  ]
}
